
Microsoft Visual Studio Solution File, Format Version 12.00
# Visual Studio Version 16
VisualStudioVersion = 16.0.30204.135
MinimumVisualStudioVersion = 10.0.40219.1
Project("{FAE04EC0-301F-11D3-BF4B-00C04F79EFBC}") = "ActivateAccountAPI", "ActivateAccountAPI.csproj", "{1E3C89A1-060D-40B8-BCFB-B6AA23600199}"
EndProject
Global
	GlobalSection(SolutionConfigurationPlatforms) = preSolution
		Debug|Any CPU = Debug|Any CPU
		Release|Any CPU = Release|Any CPU
	EndGlobalSection
	GlobalSection(ProjectConfigurationPlatforms) = postSolution
		{1E3C89A1-060D-40B8-BCFB-B6AA23600199}.Debug|Any CPU.ActiveCfg = Debug|Any CPU
		{1E3C89A1-060D-40B8-BCFB-B6AA23600199}.Debug|Any CPU.Build.0 = Debug|Any CPU
		{1E3C89A1-060D-40B8-BCFB-B6AA23600199}.Release|Any CPU.ActiveCfg = Release|Any CPU
		{1E3C89A1-060D-40B8-BCFB-B6AA23600199}.Release|Any CPU.Build.0 = Release|Any CPU
	EndGlobalSection
	GlobalSection(SolutionProperties) = preSolution
		HideSolutionNode = FALSE
	EndGlobalSection
	GlobalSection(ExtensibilityGlobals) = postSolution
		SolutionGuid = {3202B26F-3E10-45EA-A316-DA70C76D93FC}
	EndGlobalSection
EndGlobal
